
Microsoft Visual Studio Solution File, Format Version 12.00
# Visual Studio Version 17
VisualStudioVersion = 17.13.35919.96 d17.13
MinimumVisualStudioVersion = 10.0.40219.1
Project("{FAE04EC0-301F-11D3-BF4B-00C04F79EFBC}") = "RDL.GerberStitch", "RDL.GerberStitch\RDL.GerberStitch.csproj", "{B9562199-720A-4CCA-A4D3-797412E117E8}"
EndProject
Project("{FAE04EC0-301F-11D3-BF4B-00C04F79EFBC}") = "GerberEngine", "GerberEngine\GerberEngine.csproj", "{E8CD28FA-DA0B-4F1C-B301-267BE64C0513}"
EndProject
Project("{FAE04EC0-301F-11D3-BF4B-00C04F79EFBC}") = "GerberStitching.Core", "GerberStitching.Core\GerberStitching.Core.csproj", "{A9EBAE59-CC60-4A29-B248-9B3779C20F57}"
EndProject
Project("{FAE04EC0-301F-11D3-BF4B-00C04F79EFBC}") = "RDL.GerberStitch.Harness", "RDL.GerberStitch.Harness\RDL.GerberStitch.Harness.csproj", "{3F1E7B7A-8C2B-4B77-9B7B-2B7E9D3C6F11}"
EndProject
Global
	GlobalSection(SolutionConfigurationPlatforms) = preSolution
		Debug|Any CPU = Debug|Any CPU
		Debug|x64 = Debug|x64
		Release|Any CPU = Release|Any CPU
		Release|x64 = Release|x64
	EndGlobalSection
	GlobalSection(ProjectConfigurationPlatforms) = postSolution
		{B9562199-720A-4CCA-A4D3-797412E117E8}.Debug|Any CPU.ActiveCfg = Debug|Any CPU
		{B9562199-720A-4CCA-A4D3-797412E117E8}.Debug|Any CPU.Build.0 = Debug|Any CPU
		{B9562199-720A-4CCA-A4D3-797412E117E8}.Debug|x64.ActiveCfg = Debug|x64
		{B9562199-720A-4CCA-A4D3-797412E117E8}.Debug|x64.Build.0 = Debug|x64
		{B9562199-720A-4CCA-A4D3-797412E117E8}.Release|Any CPU.ActiveCfg = Release|Any CPU
		{B9562199-720A-4CCA-A4D3-797412E117E8}.Release|Any CPU.Build.0 = Release|Any CPU
		{B9562199-720A-4CCA-A4D3-797412E117E8}.Release|x64.ActiveCfg = Release|x64
		{B9562199-720A-4CCA-A4D3-797412E117E8}.Release|x64.Build.0 = Release|x64
		{E8CD28FA-DA0B-4F1C-B301-267BE64C0513}.Debug|Any CPU.ActiveCfg = Debug|Any CPU
		{E8CD28FA-DA0B-4F1C-B301-267BE64C0513}.Debug|Any CPU.Build.0 = Debug|Any CPU
		{E8CD28FA-DA0B-4F1C-B301-267BE64C0513}.Debug|x64.ActiveCfg = Debug|x64
		{E8CD28FA-DA0B-4F1C-B301-267BE64C0513}.Debug|x64.Build.0 = Debug|x64
		{E8CD28FA-DA0B-4F1C-B301-267BE64C0513}.Release|Any CPU.ActiveCfg = Release|Any CPU
		{E8CD28FA-DA0B-4F1C-B301-267BE64C0513}.Release|Any CPU.Build.0 = Release|Any CPU
		{E8CD28FA-DA0B-4F1C-B301-267BE64C0513}.Release|x64.ActiveCfg = Release|x64
		{E8CD28FA-DA0B-4F1C-B301-267BE64C0513}.Release|x64.Build.0 = Release|x64
		{A9EBAE59-CC60-4A29-B248-9B3779C20F57}.Debug|Any CPU.ActiveCfg = Debug|Any CPU
		{A9EBAE59-CC60-4A29-B248-9B3779C20F57}.Debug|Any CPU.Build.0 = Debug|Any CPU
		{A9EBAE59-CC60-4A29-B248-9B3779C20F57}.Debug|x64.ActiveCfg = Debug|x64
		{A9EBAE59-CC60-4A29-B248-9B3779C20F57}.Debug|x64.Build.0 = Debug|x64
		{A9EBAE59-CC60-4A29-B248-9B3779C20F57}.Release|Any CPU.ActiveCfg = Release|Any CPU
		{A9EBAE59-CC60-4A29-B248-9B3779C20F57}.Release|Any CPU.Build.0 = Release|Any CPU
		{A9EBAE59-CC60-4A29-B248-9B3779C20F57}.Release|x64.ActiveCfg = Release|x64
		{A9EBAE59-CC60-4A29-B248-9B3779C20F57}.Release|x64.Build.0 = Release|x64
		{3F1E7B7A-8C2B-4B77-9B7B-2B7E9D3C6F11}.Debug|Any CPU.ActiveCfg = Debug|x64
		{3F1E7B7A-8C2B-4B77-9B7B-2B7E9D3C6F11}.Debug|Any CPU.Build.0 = Debug|x64
		{3F1E7B7A-8C2B-4B77-9B7B-2B7E9D3C6F11}.Debug|x64.ActiveCfg = Debug|x64
		{3F1E7B7A-8C2B-4B77-9B7B-2B7E9D3C6F11}.Debug|x64.Build.0 = Debug|x64
		{3F1E7B7A-8C2B-4B77-9B7B-2B7E9D3C6F11}.Release|Any CPU.ActiveCfg = Release|x64
		{3F1E7B7A-8C2B-4B77-9B7B-2B7E9D3C6F11}.Release|Any CPU.Build.0 = Release|x64
		{3F1E7B7A-8C2B-4B77-9B7B-2B7E9D3C6F11}.Release|x64.ActiveCfg = Release|x64
		{3F1E7B7A-8C2B-4B77-9B7B-2B7E9D3C6F11}.Release|x64.Build.0 = Release|x64
	EndGlobalSection
	GlobalSection(SolutionProperties) = preSolution
		HideSolutionNode = FALSE
	EndGlobalSection
	GlobalSection(ExtensibilityGlobals) = postSolution
		SolutionGuid = {238BCE54-A8FD-4FCB-8F6E-E607C5AD1BAA}
	EndGlobalSection
EndGlobal
